
Microsoft Visual Studio Solution File, Format Version 12.00
# Visual Studio Version 17
VisualStudioVersion = 17.1.32407.343
MinimumVisualStudioVersion = 10.0.40219.1
Project("{9A19103F-16F7-4668-BE54-9A1E7A4F7556}") = "Serializer", "Serializer\Serializer.csproj", "{AC54A706-1120-495E-92D7-0A759B6F9E57}"
EndProject
Project("{9A19103F-16F7-4668-BE54-9A1E7A4F7556}") = "Utils", "Utils\Utils.csproj", "{67CC27A2-7F18-43E0-AE0F-BED26A87C682}"
EndProject
Project("{9A19103F-16F7-4668-BE54-9A1E7A4F7556}") = "LameTimer", "LameTimer\LameTimer.csproj", "{C1A6DE8D-A63A-4F26-9E35-A3E22A53EA65}"
EndProject
Project("{9A19103F-16F7-4668-BE54-9A1E7A4F7556}") = "ApiClient", "ApiClient\ApiClient.csproj", "{670A0829-77C2-4EA9-912B-79379D59359F}"
EndProject
Project("{9A19103F-16F7-4668-BE54-9A1E7A4F7556}") = "Crypt", "Crypt\Crypt.csproj", "{39329003-1B0F-4522-A866-844D0C99CF01}"
EndProject
Project("{9A19103F-16F7-4668-BE54-9A1E7A4F7556}") = "RandomDataGenerator", "RandomDataGenerator\RandomDataGenerator.csproj", "{9168194A-BF9E-4DDF-8CA4-1046404997DB}"
EndProject
Project("{9A19103F-16F7-4668-BE54-9A1E7A4F7556}") = "WinuiTools", "Winui\WinuiTools\WinuiTools.csproj", "{97D7CAFF-0370-4023-AEFE-28DBE9851E89}"
EndProject
Project("{FAE04EC0-301F-11D3-BF4B-00C04F79EFBC}") = "WinuiTools.Core", "Winui\WinuiTools.Core\WinuiTools.Core.csproj", "{4B255CB6-EE33-48F3-A19E-4788766E76D4}"
EndProject
Global
	GlobalSection(SolutionConfigurationPlatforms) = preSolution
		Debug|Any CPU = Debug|Any CPU
		Debug|ARM32 = Debug|ARM32
		Debug|x64 = Debug|x64
		Release|Any CPU = Release|Any CPU
		Release|ARM32 = Release|ARM32
		Release|x64 = Release|x64
	EndGlobalSection
	GlobalSection(ProjectConfigurationPlatforms) = postSolution
		{AC54A706-1120-495E-92D7-0A759B6F9E57}.Debug|Any CPU.ActiveCfg = Debug|Any CPU
		{AC54A706-1120-495E-92D7-0A759B6F9E57}.Debug|Any CPU.Build.0 = Debug|Any CPU
		{AC54A706-1120-495E-92D7-0A759B6F9E57}.Debug|ARM32.ActiveCfg = Debug|Any CPU
		{AC54A706-1120-495E-92D7-0A759B6F9E57}.Debug|ARM32.Build.0 = Debug|Any CPU
		{AC54A706-1120-495E-92D7-0A759B6F9E57}.Debug|x64.ActiveCfg = Debug|x64
		{AC54A706-1120-495E-92D7-0A759B6F9E57}.Debug|x64.Build.0 = Debug|x64
		{AC54A706-1120-495E-92D7-0A759B6F9E57}.Release|Any CPU.ActiveCfg = Release|Any CPU
		{AC54A706-1120-495E-92D7-0A759B6F9E57}.Release|Any CPU.Build.0 = Release|Any CPU
		{AC54A706-1120-495E-92D7-0A759B6F9E57}.Release|ARM32.ActiveCfg = Release|Any CPU
		{AC54A706-1120-495E-92D7-0A759B6F9E57}.Release|ARM32.Build.0 = Release|Any CPU
		{AC54A706-1120-495E-92D7-0A759B6F9E57}.Release|x64.ActiveCfg = Release|x64
		{AC54A706-1120-495E-92D7-0A759B6F9E57}.Release|x64.Build.0 = Release|x64
		{67CC27A2-7F18-43E0-AE0F-BED26A87C682}.Debug|Any CPU.ActiveCfg = Debug|Any CPU
		{67CC27A2-7F18-43E0-AE0F-BED26A87C682}.Debug|Any CPU.Build.0 = Debug|Any CPU
		{67CC27A2-7F18-43E0-AE0F-BED26A87C682}.Debug|ARM32.ActiveCfg = Debug|Any CPU
		{67CC27A2-7F18-43E0-AE0F-BED26A87C682}.Debug|ARM32.Build.0 = Debug|Any CPU
		{67CC27A2-7F18-43E0-AE0F-BED26A87C682}.Debug|x64.ActiveCfg = Debug|x64
		{67CC27A2-7F18-43E0-AE0F-BED26A87C682}.Debug|x64.Build.0 = Debug|x64
		{67CC27A2-7F18-43E0-AE0F-BED26A87C682}.Release|Any CPU.ActiveCfg = Release|Any CPU
		{67CC27A2-7F18-43E0-AE0F-BED26A87C682}.Release|Any CPU.Build.0 = Release|Any CPU
		{67CC27A2-7F18-43E0-AE0F-BED26A87C682}.Release|ARM32.ActiveCfg = Release|Any CPU
		{67CC27A2-7F18-43E0-AE0F-BED26A87C682}.Release|ARM32.Build.0 = Release|Any CPU
		{67CC27A2-7F18-43E0-AE0F-BED26A87C682}.Release|x64.ActiveCfg = Release|x64
		{67CC27A2-7F18-43E0-AE0F-BED26A87C682}.Release|x64.Build.0 = Release|x64
		{C1A6DE8D-A63A-4F26-9E35-A3E22A53EA65}.Debug|Any CPU.ActiveCfg = Debug|Any CPU
		{C1A6DE8D-A63A-4F26-9E35-A3E22A53EA65}.Debug|Any CPU.Build.0 = Debug|Any CPU
		{C1A6DE8D-A63A-4F26-9E35-A3E22A53EA65}.Debug|ARM32.ActiveCfg = Debug|Any CPU
		{C1A6DE8D-A63A-4F26-9E35-A3E22A53EA65}.Debug|ARM32.Build.0 = Debug|Any CPU
		{C1A6DE8D-A63A-4F26-9E35-A3E22A53EA65}.Debug|x64.ActiveCfg = Debug|Any CPU
		{C1A6DE8D-A63A-4F26-9E35-A3E22A53EA65}.Debug|x64.Build.0 = Debug|Any CPU
		{C1A6DE8D-A63A-4F26-9E35-A3E22A53EA65}.Release|Any CPU.ActiveCfg = Release|Any CPU
		{C1A6DE8D-A63A-4F26-9E35-A3E22A53EA65}.Release|Any CPU.Build.0 = Release|Any CPU
		{C1A6DE8D-A63A-4F26-9E35-A3E22A53EA65}.Release|ARM32.ActiveCfg = Release|Any CPU
		{C1A6DE8D-A63A-4F26-9E35-A3E22A53EA65}.Release|ARM32.Build.0 = Release|Any CPU
		{C1A6DE8D-A63A-4F26-9E35-A3E22A53EA65}.Release|x64.ActiveCfg = Release|Any CPU
		{C1A6DE8D-A63A-4F26-9E35-A3E22A53EA65}.Release|x64.Build.0 = Release|Any CPU
		{670A0829-77C2-4EA9-912B-79379D59359F}.Debug|Any CPU.ActiveCfg = Debug|Any CPU
		{670A0829-77C2-4EA9-912B-79379D59359F}.Debug|Any CPU.Build.0 = Debug|Any CPU
		{670A0829-77C2-4EA9-912B-79379D59359F}.Debug|ARM32.ActiveCfg = Debug|Any CPU
		{670A0829-77C2-4EA9-912B-79379D59359F}.Debug|ARM32.Build.0 = Debug|Any CPU
		{670A0829-77C2-4EA9-912B-79379D59359F}.Debug|x64.ActiveCfg = Debug|Any CPU
		{670A0829-77C2-4EA9-912B-79379D59359F}.Debug|x64.Build.0 = Debug|Any CPU
		{670A0829-77C2-4EA9-912B-79379D59359F}.Release|Any CPU.ActiveCfg = Release|Any CPU
		{670A0829-77C2-4EA9-912B-79379D59359F}.Release|Any CPU.Build.0 = Release|Any CPU
		{670A0829-77C2-4EA9-912B-79379D59359F}.Release|ARM32.ActiveCfg = Release|Any CPU
		{670A0829-77C2-4EA9-912B-79379D59359F}.Release|ARM32.Build.0 = Release|Any CPU
		{670A0829-77C2-4EA9-912B-79379D59359F}.Release|x64.ActiveCfg = Release|Any CPU
		{670A0829-77C2-4EA9-912B-79379D59359F}.Release|x64.Build.0 = Release|Any CPU
		{39329003-1B0F-4522-A866-844D0C99CF01}.Debug|Any CPU.ActiveCfg = Debug|Any CPU
		{39329003-1B0F-4522-A866-844D0C99CF01}.Debug|Any CPU.Build.0 = Debug|Any CPU
		{39329003-1B0F-4522-A866-844D0C99CF01}.Debug|ARM32.ActiveCfg = Debug|Any CPU
		{39329003-1B0F-4522-A866-844D0C99CF01}.Debug|ARM32.Build.0 = Debug|Any CPU
		{39329003-1B0F-4522-A866-844D0C99CF01}.Debug|x64.ActiveCfg = Debug|Any CPU
		{39329003-1B0F-4522-A866-844D0C99CF01}.Debug|x64.Build.0 = Debug|Any CPU
		{39329003-1B0F-4522-A866-844D0C99CF01}.Release|Any CPU.ActiveCfg = Release|Any CPU
		{39329003-1B0F-4522-A866-844D0C99CF01}.Release|Any CPU.Build.0 = Release|Any CPU
		{39329003-1B0F-4522-A866-844D0C99CF01}.Release|ARM32.ActiveCfg = Release|Any CPU
		{39329003-1B0F-4522-A866-844D0C99CF01}.Release|ARM32.Build.0 = Release|Any CPU
		{39329003-1B0F-4522-A866-844D0C99CF01}.Release|x64.ActiveCfg = Release|Any CPU
		{39329003-1B0F-4522-A866-844D0C99CF01}.Release|x64.Build.0 = Release|Any CPU
		{9168194A-BF9E-4DDF-8CA4-1046404997DB}.Debug|Any CPU.ActiveCfg = Debug|Any CPU
		{9168194A-BF9E-4DDF-8CA4-1046404997DB}.Debug|Any CPU.Build.0 = Debug|Any CPU
		{9168194A-BF9E-4DDF-8CA4-1046404997DB}.Debug|ARM32.ActiveCfg = Debug|Any CPU
		{9168194A-BF9E-4DDF-8CA4-1046404997DB}.Debug|ARM32.Build.0 = Debug|Any CPU
		{9168194A-BF9E-4DDF-8CA4-1046404997DB}.Debug|x64.ActiveCfg = Debug|Any CPU
		{9168194A-BF9E-4DDF-8CA4-1046404997DB}.Debug|x64.Build.0 = Debug|Any CPU
		{9168194A-BF9E-4DDF-8CA4-1046404997DB}.Release|Any CPU.ActiveCfg = Release|Any CPU
		{9168194A-BF9E-4DDF-8CA4-1046404997DB}.Release|Any CPU.Build.0 = Release|Any CPU
		{9168194A-BF9E-4DDF-8CA4-1046404997DB}.Release|ARM32.ActiveCfg = Release|Any CPU
		{9168194A-BF9E-4DDF-8CA4-1046404997DB}.Release|ARM32.Build.0 = Release|Any CPU
		{9168194A-BF9E-4DDF-8CA4-1046404997DB}.Release|x64.ActiveCfg = Release|Any CPU
		{9168194A-BF9E-4DDF-8CA4-1046404997DB}.Release|x64.Build.0 = Release|Any CPU
		{97D7CAFF-0370-4023-AEFE-28DBE9851E89}.Debug|Any CPU.ActiveCfg = Debug|Any CPU
		{97D7CAFF-0370-4023-AEFE-28DBE9851E89}.Debug|Any CPU.Build.0 = Debug|Any CPU
		{97D7CAFF-0370-4023-AEFE-28DBE9851E89}.Debug|ARM32.ActiveCfg = Debug|ARM32
		{97D7CAFF-0370-4023-AEFE-28DBE9851E89}.Debug|ARM32.Build.0 = Debug|ARM32
		{97D7CAFF-0370-4023-AEFE-28DBE9851E89}.Debug|x64.ActiveCfg = Debug|x64
		{97D7CAFF-0370-4023-AEFE-28DBE9851E89}.Debug|x64.Build.0 = Debug|x64
		{97D7CAFF-0370-4023-AEFE-28DBE9851E89}.Release|Any CPU.ActiveCfg = Release|Any CPU
		{97D7CAFF-0370-4023-AEFE-28DBE9851E89}.Release|Any CPU.Build.0 = Release|Any CPU
		{97D7CAFF-0370-4023-AEFE-28DBE9851E89}.Release|ARM32.ActiveCfg = Release|ARM32
		{97D7CAFF-0370-4023-AEFE-28DBE9851E89}.Release|ARM32.Build.0 = Release|ARM32
		{97D7CAFF-0370-4023-AEFE-28DBE9851E89}.Release|x64.ActiveCfg = Release|x64
		{97D7CAFF-0370-4023-AEFE-28DBE9851E89}.Release|x64.Build.0 = Release|x64
		{4B255CB6-EE33-48F3-A19E-4788766E76D4}.Debug|Any CPU.ActiveCfg = Debug|Any CPU
		{4B255CB6-EE33-48F3-A19E-4788766E76D4}.Debug|Any CPU.Build.0 = Debug|Any CPU
		{4B255CB6-EE33-48F3-A19E-4788766E76D4}.Debug|ARM32.ActiveCfg = Debug|Any CPU
		{4B255CB6-EE33-48F3-A19E-4788766E76D4}.Debug|ARM32.Build.0 = Debug|Any CPU
		{4B255CB6-EE33-48F3-A19E-4788766E76D4}.Debug|x64.ActiveCfg = Debug|Any CPU
		{4B255CB6-EE33-48F3-A19E-4788766E76D4}.Debug|x64.Build.0 = Debug|Any CPU
		{4B255CB6-EE33-48F3-A19E-4788766E76D4}.Release|Any CPU.ActiveCfg = Release|Any CPU
		{4B255CB6-EE33-48F3-A19E-4788766E76D4}.Release|Any CPU.Build.0 = Release|Any CPU
		{4B255CB6-EE33-48F3-A19E-4788766E76D4}.Release|ARM32.ActiveCfg = Release|Any CPU
		{4B255CB6-EE33-48F3-A19E-4788766E76D4}.Release|ARM32.Build.0 = Release|Any CPU
		{4B255CB6-EE33-48F3-A19E-4788766E76D4}.Release|x64.ActiveCfg = Release|Any CPU
		{4B255CB6-EE33-48F3-A19E-4788766E76D4}.Release|x64.Build.0 = Release|Any CPU
	EndGlobalSection
	GlobalSection(SolutionProperties) = preSolution
		HideSolutionNode = FALSE
	EndGlobalSection
	GlobalSection(ExtensibilityGlobals) = postSolution
		SolutionGuid = {AA19B0F7-3DC8-4C3C-985D-A91907B667B9}
	EndGlobalSection
EndGlobal
