
Microsoft Visual Studio Solution File, Format Version 12.00
# Visual Studio Version 17
VisualStudioVersion = 17.8.34309.116
MinimumVisualStudioVersion = 10.0.40219.1
Project("{9A19103F-16F7-4668-BE54-9A1E7A4F7556}") = "CoreAppHelpers", "CoreAppHelpers\CoreAppHelpers.csproj", "{61CE400E-7FE6-48D4-95D1-1B7BC6EC44AA}"
EndProject
Project("{9A19103F-16F7-4668-BE54-9A1E7A4F7556}") = "AspNetHelpers", "AspNetHelpers\AspNetHelpers.csproj", "{B1A6C462-D334-4C28-8BF1-F1AD67658FB4}"
EndProject
Project("{FAE04EC0-301F-11D3-BF4B-00C04F79EFBC}") = "HelpersDemoTest", "HelpersDemoTest\HelpersDemoTest.csproj", "{34B9B292-3A92-4595-A9B9-D9AF47C752DB}"
EndProject
Global
	GlobalSection(SolutionConfigurationPlatforms) = preSolution
		Debug|Any CPU = Debug|Any CPU
		Release|Any CPU = Release|Any CPU
	EndGlobalSection
	GlobalSection(ProjectConfigurationPlatforms) = postSolution
		{61CE400E-7FE6-48D4-95D1-1B7BC6EC44AA}.Debug|Any CPU.ActiveCfg = Debug|Any CPU
		{61CE400E-7FE6-48D4-95D1-1B7BC6EC44AA}.Debug|Any CPU.Build.0 = Debug|Any CPU
		{61CE400E-7FE6-48D4-95D1-1B7BC6EC44AA}.Release|Any CPU.ActiveCfg = Release|Any CPU
		{61CE400E-7FE6-48D4-95D1-1B7BC6EC44AA}.Release|Any CPU.Build.0 = Release|Any CPU
		{B1A6C462-D334-4C28-8BF1-F1AD67658FB4}.Debug|Any CPU.ActiveCfg = Debug|Any CPU
		{B1A6C462-D334-4C28-8BF1-F1AD67658FB4}.Debug|Any CPU.Build.0 = Debug|Any CPU
		{B1A6C462-D334-4C28-8BF1-F1AD67658FB4}.Release|Any CPU.ActiveCfg = Release|Any CPU
		{B1A6C462-D334-4C28-8BF1-F1AD67658FB4}.Release|Any CPU.Build.0 = Release|Any CPU
		{34B9B292-3A92-4595-A9B9-D9AF47C752DB}.Debug|Any CPU.ActiveCfg = Debug|Any CPU
		{34B9B292-3A92-4595-A9B9-D9AF47C752DB}.Debug|Any CPU.Build.0 = Debug|Any CPU
		{34B9B292-3A92-4595-A9B9-D9AF47C752DB}.Release|Any CPU.ActiveCfg = Release|Any CPU
		{34B9B292-3A92-4595-A9B9-D9AF47C752DB}.Release|Any CPU.Build.0 = Release|Any CPU
	EndGlobalSection
	GlobalSection(SolutionProperties) = preSolution
		HideSolutionNode = FALSE
	EndGlobalSection
	GlobalSection(ExtensibilityGlobals) = postSolution
		SolutionGuid = {A417AE8B-6D46-411A-AE5D-BBBD68D88F52}
	EndGlobalSection
EndGlobal
