
Microsoft Visual Studio Solution File, Format Version 12.00
# Visual Studio Version 17
VisualStudioVersion = 17.7.34221.43
MinimumVisualStudioVersion = 10.0.40219.1
Project("{9A19103F-16F7-4668-BE54-9A1E7A4F7556}") = "WinuiTools", "WinuiTools\WinuiTools.csproj", "{437FAA39-3EE6-4F7F-BCB1-340C0D7124F2}"
EndProject
Project("{9A19103F-16F7-4668-BE54-9A1E7A4F7556}") = "WinuiTools.Core", "WinuiTools.Core\WinuiTools.Core.csproj", "{667B6570-81EB-48A1-8DE6-2392780F7A38}"
EndProject
Global
	GlobalSection(SolutionConfigurationPlatforms) = preSolution
		Debug|Any CPU = Debug|Any CPU
		Debug|ARM32 = Debug|ARM32
		Debug|x64 = Debug|x64
		Release|Any CPU = Release|Any CPU
		Release|ARM32 = Release|ARM32
		Release|x64 = Release|x64
	EndGlobalSection
	GlobalSection(ProjectConfigurationPlatforms) = postSolution
		{437FAA39-3EE6-4F7F-BCB1-340C0D7124F2}.Debug|Any CPU.ActiveCfg = Debug|Any CPU
		{437FAA39-3EE6-4F7F-BCB1-340C0D7124F2}.Debug|Any CPU.Build.0 = Debug|Any CPU
		{437FAA39-3EE6-4F7F-BCB1-340C0D7124F2}.Debug|ARM32.ActiveCfg = Debug|ARM32
		{437FAA39-3EE6-4F7F-BCB1-340C0D7124F2}.Debug|ARM32.Build.0 = Debug|ARM32
		{437FAA39-3EE6-4F7F-BCB1-340C0D7124F2}.Debug|x64.ActiveCfg = Debug|x64
		{437FAA39-3EE6-4F7F-BCB1-340C0D7124F2}.Debug|x64.Build.0 = Debug|x64
		{437FAA39-3EE6-4F7F-BCB1-340C0D7124F2}.Release|Any CPU.ActiveCfg = Release|Any CPU
		{437FAA39-3EE6-4F7F-BCB1-340C0D7124F2}.Release|Any CPU.Build.0 = Release|Any CPU
		{437FAA39-3EE6-4F7F-BCB1-340C0D7124F2}.Release|ARM32.ActiveCfg = Release|ARM32
		{437FAA39-3EE6-4F7F-BCB1-340C0D7124F2}.Release|ARM32.Build.0 = Release|ARM32
		{437FAA39-3EE6-4F7F-BCB1-340C0D7124F2}.Release|x64.ActiveCfg = Release|x64
		{437FAA39-3EE6-4F7F-BCB1-340C0D7124F2}.Release|x64.Build.0 = Release|x64
		{667B6570-81EB-48A1-8DE6-2392780F7A38}.Debug|Any CPU.ActiveCfg = Debug|Any CPU
		{667B6570-81EB-48A1-8DE6-2392780F7A38}.Debug|Any CPU.Build.0 = Debug|Any CPU
		{667B6570-81EB-48A1-8DE6-2392780F7A38}.Debug|ARM32.ActiveCfg = Debug|Any CPU
		{667B6570-81EB-48A1-8DE6-2392780F7A38}.Debug|ARM32.Build.0 = Debug|Any CPU
		{667B6570-81EB-48A1-8DE6-2392780F7A38}.Debug|x64.ActiveCfg = Debug|x64
		{667B6570-81EB-48A1-8DE6-2392780F7A38}.Debug|x64.Build.0 = Debug|x64
		{667B6570-81EB-48A1-8DE6-2392780F7A38}.Release|Any CPU.ActiveCfg = Release|Any CPU
		{667B6570-81EB-48A1-8DE6-2392780F7A38}.Release|Any CPU.Build.0 = Release|Any CPU
		{667B6570-81EB-48A1-8DE6-2392780F7A38}.Release|ARM32.ActiveCfg = Release|Any CPU
		{667B6570-81EB-48A1-8DE6-2392780F7A38}.Release|ARM32.Build.0 = Release|Any CPU
		{667B6570-81EB-48A1-8DE6-2392780F7A38}.Release|x64.ActiveCfg = Release|x64
		{667B6570-81EB-48A1-8DE6-2392780F7A38}.Release|x64.Build.0 = Release|x64
	EndGlobalSection
	GlobalSection(SolutionProperties) = preSolution
		HideSolutionNode = FALSE
	EndGlobalSection
	GlobalSection(ExtensibilityGlobals) = postSolution
		SolutionGuid = {C54B6F2C-599C-4789-A066-8DA4039A5B98}
	EndGlobalSection
EndGlobal
