
Microsoft Visual Studio Solution File, Format Version 12.00
# Visual Studio Version 17
VisualStudioVersion = 17.6.33815.320
MinimumVisualStudioVersion = 10.0.40219.1
Project("{FAE04EC0-301F-11D3-BF4B-00C04F79EFBC}") = "MediaCycler2DELETEME", "MediaCycler2\MediaCycler2DELETEME.csproj", "{C8D99F34-AEAA-4B53-9D0D-C8F5119207C5}"
EndProject
Project("{FAE04EC0-301F-11D3-BF4B-00C04F79EFBC}") = "MediaCyclerTest", "MediaCyclerTest\MediaCyclerTest.csproj", "{11A52E1E-F5E0-46C8-8687-9888EF94B87E}"
EndProject
Project("{FAE04EC0-301F-11D3-BF4B-00C04F79EFBC}") = "MediaCycler", "MediaCycler\MediaCycler.csproj", "{7C3C4B83-679D-40DF-9057-E1FD8D9B2A00}"
EndProject
Global
	GlobalSection(SolutionConfigurationPlatforms) = preSolution
		Debug|Any CPU = Debug|Any CPU
		Release|Any CPU = Release|Any CPU
	EndGlobalSection
	GlobalSection(ProjectConfigurationPlatforms) = postSolution
		{C8D99F34-AEAA-4B53-9D0D-C8F5119207C5}.Debug|Any CPU.ActiveCfg = Debug|Any CPU
		{C8D99F34-AEAA-4B53-9D0D-C8F5119207C5}.Debug|Any CPU.Build.0 = Debug|Any CPU
		{C8D99F34-AEAA-4B53-9D0D-C8F5119207C5}.Release|Any CPU.ActiveCfg = Release|Any CPU
		{C8D99F34-AEAA-4B53-9D0D-C8F5119207C5}.Release|Any CPU.Build.0 = Release|Any CPU
		{11A52E1E-F5E0-46C8-8687-9888EF94B87E}.Debug|Any CPU.ActiveCfg = Debug|Any CPU
		{11A52E1E-F5E0-46C8-8687-9888EF94B87E}.Debug|Any CPU.Build.0 = Debug|Any CPU
		{11A52E1E-F5E0-46C8-8687-9888EF94B87E}.Release|Any CPU.ActiveCfg = Release|Any CPU
		{11A52E1E-F5E0-46C8-8687-9888EF94B87E}.Release|Any CPU.Build.0 = Release|Any CPU
		{7C3C4B83-679D-40DF-9057-E1FD8D9B2A00}.Debug|Any CPU.ActiveCfg = Debug|Any CPU
		{7C3C4B83-679D-40DF-9057-E1FD8D9B2A00}.Debug|Any CPU.Build.0 = Debug|Any CPU
		{7C3C4B83-679D-40DF-9057-E1FD8D9B2A00}.Release|Any CPU.ActiveCfg = Release|Any CPU
		{7C3C4B83-679D-40DF-9057-E1FD8D9B2A00}.Release|Any CPU.Build.0 = Release|Any CPU
	EndGlobalSection
	GlobalSection(SolutionProperties) = preSolution
		HideSolutionNode = FALSE
	EndGlobalSection
	GlobalSection(ExtensibilityGlobals) = postSolution
		SolutionGuid = {9B180E39-E290-4891-B649-7910B8CA3144}
	EndGlobalSection
EndGlobal
