
Microsoft Visual Studio Solution File, Format Version 12.00
# Visual Studio Version 17
VisualStudioVersion = 17.8.34309.116
MinimumVisualStudioVersion = 10.0.40219.1
Project("{FAE04EC0-301F-11D3-BF4B-00C04F79EFBC}") = "AspNetHelpers", "AspNetHelpers\AspNetHelpers.csproj", "{87EFD8DF-6FE0-4C77-889D-3A1E53F95173}"
EndProject
Project("{9A19103F-16F7-4668-BE54-9A1E7A4F7556}") = "Utils", "..\Common\Utils\Utils.csproj", "{3D7FF6F7-7B0A-4889-8A1F-F89E971AF562}"
EndProject
Global
	GlobalSection(SolutionConfigurationPlatforms) = preSolution
		Debug|Any CPU = Debug|Any CPU
		Debug|x64 = Debug|x64
		Release|Any CPU = Release|Any CPU
		Release|x64 = Release|x64
	EndGlobalSection
	GlobalSection(ProjectConfigurationPlatforms) = postSolution
		{87EFD8DF-6FE0-4C77-889D-3A1E53F95173}.Debug|Any CPU.ActiveCfg = Debug|Any CPU
		{87EFD8DF-6FE0-4C77-889D-3A1E53F95173}.Debug|Any CPU.Build.0 = Debug|Any CPU
		{87EFD8DF-6FE0-4C77-889D-3A1E53F95173}.Debug|x64.ActiveCfg = Debug|Any CPU
		{87EFD8DF-6FE0-4C77-889D-3A1E53F95173}.Debug|x64.Build.0 = Debug|Any CPU
		{87EFD8DF-6FE0-4C77-889D-3A1E53F95173}.Release|Any CPU.ActiveCfg = Release|Any CPU
		{87EFD8DF-6FE0-4C77-889D-3A1E53F95173}.Release|Any CPU.Build.0 = Release|Any CPU
		{87EFD8DF-6FE0-4C77-889D-3A1E53F95173}.Release|x64.ActiveCfg = Release|Any CPU
		{87EFD8DF-6FE0-4C77-889D-3A1E53F95173}.Release|x64.Build.0 = Release|Any CPU
		{3D7FF6F7-7B0A-4889-8A1F-F89E971AF562}.Debug|Any CPU.ActiveCfg = Debug|Any CPU
		{3D7FF6F7-7B0A-4889-8A1F-F89E971AF562}.Debug|Any CPU.Build.0 = Debug|Any CPU
		{3D7FF6F7-7B0A-4889-8A1F-F89E971AF562}.Debug|x64.ActiveCfg = Debug|x64
		{3D7FF6F7-7B0A-4889-8A1F-F89E971AF562}.Debug|x64.Build.0 = Debug|x64
		{3D7FF6F7-7B0A-4889-8A1F-F89E971AF562}.Release|Any CPU.ActiveCfg = Release|Any CPU
		{3D7FF6F7-7B0A-4889-8A1F-F89E971AF562}.Release|Any CPU.Build.0 = Release|Any CPU
		{3D7FF6F7-7B0A-4889-8A1F-F89E971AF562}.Release|x64.ActiveCfg = Release|x64
		{3D7FF6F7-7B0A-4889-8A1F-F89E971AF562}.Release|x64.Build.0 = Release|x64
	EndGlobalSection
	GlobalSection(SolutionProperties) = preSolution
		HideSolutionNode = FALSE
	EndGlobalSection
	GlobalSection(ExtensibilityGlobals) = postSolution
		SolutionGuid = {5D866115-7024-468C-9030-D73DD4A52ECB}
	EndGlobalSection
EndGlobal
