
Microsoft Visual Studio Solution File, Format Version 12.00
# Visual Studio Version 17
VisualStudioVersion = 17.7.34221.43
MinimumVisualStudioVersion = 10.0.40219.1
Project("{9A19103F-16F7-4668-BE54-9A1E7A4F7556}") = "UiTools.Uno", "UiTools.Uno.csproj", "{FD0C4A81-0185-4A9E-8556-D1660AEF5402}"
EndProject
Global
	GlobalSection(SolutionConfigurationPlatforms) = preSolution
		Debug|Any CPU = Debug|Any CPU
		Release|Any CPU = Release|Any CPU
	EndGlobalSection
	GlobalSection(ProjectConfigurationPlatforms) = postSolution
		{FD0C4A81-0185-4A9E-8556-D1660AEF5402}.Debug|Any CPU.ActiveCfg = Debug|Any CPU
		{FD0C4A81-0185-4A9E-8556-D1660AEF5402}.Debug|Any CPU.Build.0 = Debug|Any CPU
		{FD0C4A81-0185-4A9E-8556-D1660AEF5402}.Release|Any CPU.ActiveCfg = Release|Any CPU
		{FD0C4A81-0185-4A9E-8556-D1660AEF5402}.Release|Any CPU.Build.0 = Release|Any CPU
	EndGlobalSection
	GlobalSection(SolutionProperties) = preSolution
		HideSolutionNode = FALSE
	EndGlobalSection
	GlobalSection(ExtensibilityGlobals) = postSolution
		SolutionGuid = {BE64740A-59CC-4DAE-931D-EF9E301BE0A9}
	EndGlobalSection
EndGlobal
